{
	"name": "@inventory-worker/source",
	"lockfileVersion": 3,
	"requires": true,
	"packages": {
		"": {
			"name": "@inventory-worker/source",
			"workspaces": [
				"catalog/database/types",
				"catalog/database/in-memory",
				"catalog/service/types",
				"catalog/service/factory",
				"catalog/http/contracts",
				"inventory/http/contracts",
				"inventory/service/types",
				"inventory/service/factory",
				"inventory/database/types",
				"inventory/database/in-memory",
				"logger/types",
				"logger/factory",
				"services/types",
				"services/in-memory",
				"worker"
			],
			"devDependencies": {
				"@bufbuild/buf": "^1.50.0",
				"@bufbuild/protoc-gen-es": "^2.2.3",
				"@types/node": "^22.13.1",
				"knip": "^5.43.6",
				"prettier": "^3.4.2",
				"turbo": "^2.4.0",
				"typescript": "^5.7.3"
			}
		},
		"catalog/database/in-memory": {
			"name": "@inventory-worker/in-memory-catalog-database",
			"dependencies": {
				"@inventory-worker/catalog-database-types": "*"
			}
		},
		"catalog/database/types": {
			"name": "@inventory-worker/catalog-database-types"
		},
		"catalog/http/contracts": {
			"name": "@inventory-worker/catalog-http-contracts",
			"dependencies": {
				"@bufbuild/protobuf": "^2.2.3"
			}
		},
		"catalog/service/factory": {
			"name": "@inventory-worker/catalog-service-factory",
			"dependencies": {
				"@inventory-worker/catalog-database-types": "*",
				"@inventory-worker/catalog-service-types": "*",
				"@inventory-worker/logger-types": "*"
			}
		},
		"catalog/service/types": {
			"name": "@inventory-worker/catalog-service-types"
		},
		"inventory/database/in-memory": {
			"name": "@inventory-worker/in-memory-inventory-database",
			"dependencies": {
				"@inventory-worker/inventory-database-types": "*"
			}
		},
		"inventory/database/types": {
			"name": "@inventory-worker/inventory-database-types"
		},
		"inventory/http/contracts": {
			"name": "@inventory-worker/inventory-http-contracts",
			"dependencies": {
				"@bufbuild/protobuf": "^2.2.3"
			}
		},
		"inventory/service/factory": {
			"name": "@inventory-worker/inventory-service-factory",
			"dependencies": {
				"@inventory-worker/inventory-service-types": "*",
				"@inventory-worker/logger-types": "*"
			}
		},
		"inventory/service/types": {
			"name": "@inventory-worker/inventory-service-types"
		},
		"logger/factory": {
			"name": "@inventory-worker/logger-factory",
			"dependencies": {
				"@inventory-worker/logger-types": "*"
			}
		},
		"logger/types": {
			"name": "@inventory-worker/logger-types"
		},
		"node_modules/@bufbuild/buf": {
			"version": "1.50.0",
			"dev": true,
			"hasInstallScript": true,
			"license": "Apache-2.0",
			"bin": {
				"buf": "bin/buf",
				"protoc-gen-buf-breaking": "bin/protoc-gen-buf-breaking",
				"protoc-gen-buf-lint": "bin/protoc-gen-buf-lint"
			},
			"engines": {
				"node": ">=12"
			},
			"optionalDependencies": {
				"@bufbuild/buf-darwin-arm64": "1.50.0",
				"@bufbuild/buf-darwin-x64": "1.50.0",
				"@bufbuild/buf-linux-aarch64": "1.50.0",
				"@bufbuild/buf-linux-armv7": "1.50.0",
				"@bufbuild/buf-linux-x64": "1.50.0",
				"@bufbuild/buf-win32-arm64": "1.50.0",
				"@bufbuild/buf-win32-x64": "1.50.0"
			}
		},
		"node_modules/@bufbuild/buf-linux-aarch64": {
			"version": "1.50.0",
			"cpu": [
				"arm64"
			],
			"dev": true,
			"license": "Apache-2.0",
			"optional": true,
			"os": [
				"linux"
			],
			"engines": {
				"node": ">=12"
			}
		},
		"node_modules/@bufbuild/protobuf": {
			"version": "2.2.3",
			"license": "(Apache-2.0 AND BSD-3-Clause)"
		},
		"node_modules/@bufbuild/protoc-gen-es": {
			"version": "2.2.3",
			"dev": true,
			"license": "Apache-2.0",
			"dependencies": {
				"@bufbuild/protobuf": "^2.2.3",
				"@bufbuild/protoplugin": "2.2.3"
			},
			"bin": {
				"protoc-gen-es": "bin/protoc-gen-es"
			},
			"engines": {
				"node": ">=14"
			},
			"peerDependencies": {
				"@bufbuild/protobuf": "2.2.3"
			},
			"peerDependenciesMeta": {
				"@bufbuild/protobuf": {
					"optional": true
				}
			}
		},
		"node_modules/@bufbuild/protoplugin": {
			"version": "2.2.3",
			"dev": true,
			"license": "Apache-2.0",
			"dependencies": {
				"@bufbuild/protobuf": "2.2.3",
				"@typescript/vfs": "^1.5.2",
				"typescript": "5.4.5"
			}
		},
		"node_modules/@bufbuild/protoplugin/node_modules/typescript": {
			"version": "5.4.5",
			"dev": true,
			"license": "Apache-2.0",
			"bin": {
				"tsc": "bin/tsc",
				"tsserver": "bin/tsserver"
			},
			"engines": {
				"node": ">=14.17"
			}
		},
		"node_modules/@cloudflare/kv-asset-handler": {
			"version": "0.3.4",
			"dev": true,
			"license": "MIT OR Apache-2.0",
			"dependencies": {
				"mime": "^3.0.0"
			},
			"engines": {
				"node": ">=16.13"
			}
		},
		"node_modules/@cloudflare/workerd-linux-arm64": {
			"version": "1.20250129.0",
			"cpu": [
				"arm64"
			],
			"dev": true,
			"license": "Apache-2.0",
			"optional": true,
			"os": [
				"linux"
			],
			"engines": {
				"node": ">=16"
			}
		},
		"node_modules/@cloudflare/workers-types": {
			"version": "4.20250204.0",
			"dev": true,
			"license": "MIT OR Apache-2.0"
		},
		"node_modules/@cspotcode/source-map-support": {
			"version": "0.8.1",
			"dev": true,
			"license": "MIT",
			"dependencies": {
				"@jridgewell/trace-mapping": "0.3.9"
			},
			"engines": {
				"node": ">=12"
			}
		},
		"node_modules/@esbuild-plugins/node-globals-polyfill": {
			"version": "0.2.3",
			"dev": true,
			"license": "ISC",
			"peerDependencies": {
				"esbuild": "*"
			}
		},
		"node_modules/@esbuild-plugins/node-modules-polyfill": {
			"version": "0.2.2",
			"dev": true,
			"license": "ISC",
			"dependencies": {
				"escape-string-regexp": "^4.0.0",
				"rollup-plugin-node-polyfills": "^0.2.1"
			},
			"peerDependencies": {
				"esbuild": "*"
			}
		},
		"node_modules/@esbuild/linux-arm64": {
			"version": "0.17.19",
			"cpu": [
				"arm64"
			],
			"dev": true,
			"license": "MIT",
			"optional": true,
			"os": [
				"linux"
			],
			"engines": {
				"node": ">=12"
			}
		},
		"node_modules/@fastify/busboy": {
			"version": "2.1.1",
			"dev": true,
			"license": "MIT",
			"engines": {
				"node": ">=14"
			}
		},
		"node_modules/@inventory-worker/catalog-database-types": {
			"resolved": "catalog/database/types",
			"link": true
		},
		"node_modules/@inventory-worker/catalog-http-contracts": {
			"resolved": "catalog/http/contracts",
			"link": true
		},
		"node_modules/@inventory-worker/catalog-service-factory": {
			"resolved": "catalog/service/factory",
			"link": true
		},
		"node_modules/@inventory-worker/catalog-service-types": {
			"resolved": "catalog/service/types",
			"link": true
		},
		"node_modules/@inventory-worker/in-memory-catalog-database": {
			"resolved": "catalog/database/in-memory",
			"link": true
		},
		"node_modules/@inventory-worker/in-memory-inventory-database": {
			"resolved": "inventory/database/in-memory",
			"link": true
		},
		"node_modules/@inventory-worker/in-memory-services": {
			"resolved": "services/in-memory",
			"link": true
		},
		"node_modules/@inventory-worker/inventory-database-types": {
			"resolved": "inventory/database/types",
			"link": true
		},
		"node_modules/@inventory-worker/inventory-http-contracts": {
			"resolved": "inventory/http/contracts",
			"link": true
		},
		"node_modules/@inventory-worker/inventory-service-factory": {
			"resolved": "inventory/service/factory",
			"link": true
		},
		"node_modules/@inventory-worker/inventory-service-types": {
			"resolved": "inventory/service/types",
			"link": true
		},
		"node_modules/@inventory-worker/logger-factory": {
			"resolved": "logger/factory",
			"link": true
		},
		"node_modules/@inventory-worker/logger-types": {
			"resolved": "logger/types",
			"link": true
		},
		"node_modules/@inventory-worker/services-types": {
			"resolved": "services/types",
			"link": true
		},
		"node_modules/@jridgewell/resolve-uri": {
			"version": "3.1.2",
			"dev": true,
			"license": "MIT",
			"engines": {
				"node": ">=6.0.0"
			}
		},
		"node_modules/@jridgewell/sourcemap-codec": {
			"version": "1.5.0",
			"dev": true,
			"license": "MIT"
		},
		"node_modules/@jridgewell/trace-mapping": {
			"version": "0.3.9",
			"dev": true,
			"license": "MIT",
			"dependencies": {
				"@jridgewell/resolve-uri": "^3.0.3",
				"@jridgewell/sourcemap-codec": "^1.4.10"
			}
		},
		"node_modules/@nodelib/fs.scandir": {
			"version": "4.0.1",
			"resolved": "https://registry.npmjs.org/@nodelib/fs.scandir/-/fs.scandir-4.0.1.tgz",
			"integrity": "sha512-vAkI715yhnmiPupY+dq+xenu5Tdf2TBQ66jLvBIcCddtz+5Q8LbMKaf9CIJJreez8fQ8fgaY+RaywQx8RJIWpw==",
			"dev": true,
			"license": "MIT",
			"dependencies": {
				"@nodelib/fs.stat": "4.0.0",
				"run-parallel": "^1.2.0"
			},
			"engines": {
				"node": ">=18.18.0"
			}
		},
		"node_modules/@nodelib/fs.stat": {
			"version": "4.0.0",
			"resolved": "https://registry.npmjs.org/@nodelib/fs.stat/-/fs.stat-4.0.0.tgz",
			"integrity": "sha512-ctr6bByzksKRCV0bavi8WoQevU6plSp2IkllIsEqaiKe2mwNNnaluhnRhcsgGZHrrHk57B3lf95MkLMO3STYcg==",
			"dev": true,
			"license": "MIT",
			"engines": {
				"node": ">=18.18.0"
			}
		},
		"node_modules/@nodelib/fs.walk": {
			"version": "3.0.1",
			"resolved": "https://registry.npmjs.org/@nodelib/fs.walk/-/fs.walk-3.0.1.tgz",
			"integrity": "sha512-nIh/M6Kh3ZtOmlY00DaUYB4xeeV6F3/ts1l29iwl3/cfyY/OuCfUx+v08zgx8TKPTifXRcjjqVQ4KB2zOYSbyw==",
			"dev": true,
			"license": "MIT",
			"dependencies": {
				"@nodelib/fs.scandir": "4.0.1",
				"fastq": "^1.15.0"
			},
			"engines": {
				"node": ">=18.18.0"
			}
		},
		"node_modules/@snyk/github-codeowners": {
			"version": "1.1.0",
			"resolved": "https://registry.npmjs.org/@snyk/github-codeowners/-/github-codeowners-1.1.0.tgz",
			"integrity": "sha512-lGFf08pbkEac0NYgVf4hdANpAgApRjNByLXB+WBip3qj1iendOIyAwP2GKkKbQMNVy2r1xxDf0ssfWscoiC+Vw==",
			"dev": true,
			"license": "MIT",
			"dependencies": {
				"commander": "^4.1.1",
				"ignore": "^5.1.8",
				"p-map": "^4.0.0"
			},
			"bin": {
				"github-codeowners": "dist/cli.js"
			},
			"engines": {
				"node": ">=8.10"
			}
		},
		"node_modules/@types/node": {
			"version": "22.13.1",
			"resolved": "https://registry.npmjs.org/@types/node/-/node-22.13.1.tgz",
			"integrity": "sha512-jK8uzQlrvXqEU91UxiK5J7pKHyzgnI1Qnl0QDHIgVGuolJhRb9EEl28Cj9b3rGR8B2lhFCtvIm5os8lFnO/1Ew==",
			"dev": true,
			"license": "MIT",
			"dependencies": {
				"undici-types": "~6.20.0"
			}
		},
		"node_modules/@typescript/vfs": {
			"version": "1.6.1",
			"dev": true,
			"license": "MIT",
			"dependencies": {
				"debug": "^4.1.1"
			},
			"peerDependencies": {
				"typescript": "*"
			}
		},
		"node_modules/acorn": {
			"version": "8.14.0",
			"dev": true,
			"license": "MIT",
			"bin": {
				"acorn": "bin/acorn"
			},
			"engines": {
				"node": ">=0.4.0"
			}
		},
		"node_modules/acorn-walk": {
			"version": "8.3.4",
			"dev": true,
			"license": "MIT",
			"dependencies": {
				"acorn": "^8.11.0"
			},
			"engines": {
				"node": ">=0.4.0"
			}
		},
		"node_modules/aggregate-error": {
			"version": "3.1.0",
			"resolved": "https://registry.npmjs.org/aggregate-error/-/aggregate-error-3.1.0.tgz",
			"integrity": "sha512-4I7Td01quW/RpocfNayFdFVk1qSuoh0E7JrbRJ16nH01HhKFQ88INq9Sd+nd72zqRySlr9BmDA8xlEJ6vJMrYA==",
			"dev": true,
			"license": "MIT",
			"dependencies": {
				"clean-stack": "^2.0.0",
				"indent-string": "^4.0.0"
			},
			"engines": {
				"node": ">=8"
			}
		},
		"node_modules/ansi-regex": {
			"version": "5.0.1",
			"resolved": "https://registry.npmjs.org/ansi-regex/-/ansi-regex-5.0.1.tgz",
			"integrity": "sha512-quJQXlTSUGL2LH9SUXo8VwsY4soanhgo6LNSm84E1LBcE8s3O0wpdiRzyR9z/ZZJMlMWv37qOOb9pdJlMUEKFQ==",
			"dev": true,
			"license": "MIT",
			"engines": {
				"node": ">=8"
			}
		},
		"node_modules/argparse": {
			"version": "2.0.1",
			"resolved": "https://registry.npmjs.org/argparse/-/argparse-2.0.1.tgz",
			"integrity": "sha512-8+9WqebbFzpX9OR+Wa6O29asIogeRMzcGtAINdpMHHyAg10f05aSFVBbcEqGf/PXw1EjAZ+q2/bEBg3DvurK3Q==",
			"dev": true,
			"license": "Python-2.0"
		},
		"node_modules/as-table": {
			"version": "1.0.55",
			"dev": true,
			"license": "MIT",
			"dependencies": {
				"printable-characters": "^1.0.42"
			}
		},
		"node_modules/blake3-wasm": {
			"version": "2.1.5",
			"dev": true,
			"license": "MIT"
		},
		"node_modules/braces": {
			"version": "3.0.3",
			"resolved": "https://registry.npmjs.org/braces/-/braces-3.0.3.tgz",
			"integrity": "sha512-yQbXgO/OSZVD2IsiLlro+7Hf6Q18EJrKSEsdoMzKePKXct3gvD8oLcOQdIzGupr5Fj+EDe8gO/lxc1BzfMpxvA==",
			"dev": true,
			"license": "MIT",
			"dependencies": {
				"fill-range": "^7.1.1"
			},
			"engines": {
				"node": ">=8"
			}
		},
		"node_modules/clean-stack": {
			"version": "2.2.0",
			"resolved": "https://registry.npmjs.org/clean-stack/-/clean-stack-2.2.0.tgz",
			"integrity": "sha512-4diC9HaTE+KRAMWhDhrGOECgWZxoevMc5TlkObMqNSsVU62PYzXZ/SMTjzyGAFF1YusgxGcSWTEXBhp0CPwQ1A==",
			"dev": true,
			"license": "MIT",
			"engines": {
				"node": ">=6"
			}
		},
		"node_modules/clone": {
			"version": "1.0.4",
			"resolved": "https://registry.npmjs.org/clone/-/clone-1.0.4.tgz",
			"integrity": "sha512-JQHZ2QMW6l3aH/j6xCqQThY/9OH4D/9ls34cgkUBiEeocRTU04tHfKPBsUK1PqZCUQM7GiA0IIXJSuXHI64Kbg==",
			"dev": true,
			"license": "MIT",
			"optional": true,
			"engines": {
				"node": ">=0.8"
			}
		},
		"node_modules/commander": {
			"version": "4.1.1",
			"resolved": "https://registry.npmjs.org/commander/-/commander-4.1.1.tgz",
			"integrity": "sha512-NOKm8xhkzAjzFx8B2v5OAHT+u5pRQc2UCa2Vq9jYL/31o2wi9mxBA7LIFs3sV5VSC49z6pEhfbMULvShKj26WA==",
			"dev": true,
			"license": "MIT",
			"engines": {
				"node": ">= 6"
			}
		},
		"node_modules/confbox": {
			"version": "0.1.8",
			"dev": true,
			"license": "MIT"
		},
		"node_modules/cookie": {
			"version": "0.7.2",
			"dev": true,
			"license": "MIT",
			"engines": {
				"node": ">= 0.6"
			}
		},
		"node_modules/data-uri-to-buffer": {
			"version": "2.0.2",
			"dev": true,
			"license": "MIT"
		},
		"node_modules/debug": {
			"version": "4.4.0",
			"dev": true,
			"license": "MIT",
			"dependencies": {
				"ms": "^2.1.3"
			},
			"engines": {
				"node": ">=6.0"
			},
			"peerDependenciesMeta": {
				"supports-color": {
					"optional": true
				}
			}
		},
		"node_modules/defaults": {
			"version": "1.0.4",
			"resolved": "https://registry.npmjs.org/defaults/-/defaults-1.0.4.tgz",
			"integrity": "sha512-eFuaLoy/Rxalv2kr+lqMlUnrDWV+3j4pljOIJgLIhI058IQfWJ7vXhyEIHu+HtC738klGALYxOKDO0bQP3tg8A==",
			"dev": true,
			"license": "MIT",
			"optional": true,
			"dependencies": {
				"clone": "^1.0.2"
			},
			"funding": {
				"url": "https://github.com/sponsors/sindresorhus"
			}
		},
		"node_modules/defu": {
			"version": "6.1.4",
			"dev": true,
			"license": "MIT"
		},
		"node_modules/easy-table": {
			"version": "1.2.0",
			"resolved": "https://registry.npmjs.org/easy-table/-/easy-table-1.2.0.tgz",
			"integrity": "sha512-OFzVOv03YpvtcWGe5AayU5G2hgybsg3iqA6drU8UaoZyB9jLGMTrz9+asnLp/E+6qPh88yEI1gvyZFZ41dmgww==",
			"dev": true,
			"license": "MIT",
			"dependencies": {
				"ansi-regex": "^5.0.1"
			},
			"optionalDependencies": {
				"wcwidth": "^1.0.1"
			}
		},
		"node_modules/enhanced-resolve": {
			"version": "5.18.1",
			"resolved": "https://registry.npmjs.org/enhanced-resolve/-/enhanced-resolve-5.18.1.tgz",
			"integrity": "sha512-ZSW3ma5GkcQBIpwZTSRAI8N71Uuwgs93IezB7mf7R60tC8ZbJideoDNKjHn2O9KIlx6rkGTTEk1xUCK2E1Y2Yg==",
			"dev": true,
			"license": "MIT",
			"dependencies": {
				"graceful-fs": "^4.2.4",
				"tapable": "^2.2.0"
			},
			"engines": {
				"node": ">=10.13.0"
			}
		},
		"node_modules/esbuild": {
			"version": "0.17.19",
			"dev": true,
			"hasInstallScript": true,
			"license": "MIT",
			"bin": {
				"esbuild": "bin/esbuild"
			},
			"engines": {
				"node": ">=12"
			},
			"optionalDependencies": {
				"@esbuild/android-arm": "0.17.19",
				"@esbuild/android-arm64": "0.17.19",
				"@esbuild/android-x64": "0.17.19",
				"@esbuild/darwin-arm64": "0.17.19",
				"@esbuild/darwin-x64": "0.17.19",
				"@esbuild/freebsd-arm64": "0.17.19",
				"@esbuild/freebsd-x64": "0.17.19",
				"@esbuild/linux-arm": "0.17.19",
				"@esbuild/linux-arm64": "0.17.19",
				"@esbuild/linux-ia32": "0.17.19",
				"@esbuild/linux-loong64": "0.17.19",
				"@esbuild/linux-mips64el": "0.17.19",
				"@esbuild/linux-ppc64": "0.17.19",
				"@esbuild/linux-riscv64": "0.17.19",
				"@esbuild/linux-s390x": "0.17.19",
				"@esbuild/linux-x64": "0.17.19",
				"@esbuild/netbsd-x64": "0.17.19",
				"@esbuild/openbsd-x64": "0.17.19",
				"@esbuild/sunos-x64": "0.17.19",
				"@esbuild/win32-arm64": "0.17.19",
				"@esbuild/win32-ia32": "0.17.19",
				"@esbuild/win32-x64": "0.17.19"
			}
		},
		"node_modules/escape-string-regexp": {
			"version": "4.0.0",
			"dev": true,
			"license": "MIT",
			"engines": {
				"node": ">=10"
			},
			"funding": {
				"url": "https://github.com/sponsors/sindresorhus"
			}
		},
		"node_modules/exit-hook": {
			"version": "2.2.1",
			"dev": true,
			"license": "MIT",
			"engines": {
				"node": ">=6"
			},
			"funding": {
				"url": "https://github.com/sponsors/sindresorhus"
			}
		},
		"node_modules/fast-glob": {
			"version": "3.3.3",
			"resolved": "https://registry.npmjs.org/fast-glob/-/fast-glob-3.3.3.tgz",
			"integrity": "sha512-7MptL8U0cqcFdzIzwOTHoilX9x5BrNqye7Z/LuC7kCMRio1EMSyqRK3BEAUD7sXRq4iT4AzTVuZdhgQ2TCvYLg==",
			"dev": true,
			"license": "MIT",
			"dependencies": {
				"@nodelib/fs.stat": "^2.0.2",
				"@nodelib/fs.walk": "^1.2.3",
				"glob-parent": "^5.1.2",
				"merge2": "^1.3.0",
				"micromatch": "^4.0.8"
			},
			"engines": {
				"node": ">=8.6.0"
			}
		},
		"node_modules/fast-glob/node_modules/@nodelib/fs.scandir": {
			"version": "2.1.5",
			"resolved": "https://registry.npmjs.org/@nodelib/fs.scandir/-/fs.scandir-2.1.5.tgz",
			"integrity": "sha512-vq24Bq3ym5HEQm2NKCr3yXDwjc7vTsEThRDnkp2DK9p1uqLR+DHurm/NOTo0KG7HYHU7eppKZj3MyqYuMBf62g==",
			"dev": true,
			"license": "MIT",
			"dependencies": {
				"@nodelib/fs.stat": "2.0.5",
				"run-parallel": "^1.1.9"
			},
			"engines": {
				"node": ">= 8"
			}
		},
		"node_modules/fast-glob/node_modules/@nodelib/fs.stat": {
			"version": "2.0.5",
			"resolved": "https://registry.npmjs.org/@nodelib/fs.stat/-/fs.stat-2.0.5.tgz",
			"integrity": "sha512-RkhPPp2zrqDAQA/2jNhnztcPAlv64XdhIp7a7454A5ovI7Bukxgt7MX7udwAu3zg1DcpPU0rz3VV1SeaqvY4+A==",
			"dev": true,
			"license": "MIT",
			"engines": {
				"node": ">= 8"
			}
		},
		"node_modules/fast-glob/node_modules/@nodelib/fs.walk": {
			"version": "1.2.8",
			"resolved": "https://registry.npmjs.org/@nodelib/fs.walk/-/fs.walk-1.2.8.tgz",
			"integrity": "sha512-oGB+UxlgWcgQkgwo8GcEGwemoTFt3FIO9ababBmaGwXIoBKZ+GTy0pP185beGg7Llih/NSHSV2XAs1lnznocSg==",
			"dev": true,
			"license": "MIT",
			"dependencies": {
				"@nodelib/fs.scandir": "2.1.5",
				"fastq": "^1.6.0"
			},
			"engines": {
				"node": ">= 8"
			}
		},
		"node_modules/fastq": {
			"version": "1.19.0",
			"resolved": "https://registry.npmjs.org/fastq/-/fastq-1.19.0.tgz",
			"integrity": "sha512-7SFSRCNjBQIZH/xZR3iy5iQYR8aGBE0h3VG6/cwlbrpdciNYBMotQav8c1XI3HjHH+NikUpP53nPdlZSdWmFzA==",
			"dev": true,
			"license": "ISC",
			"dependencies": {
				"reusify": "^1.0.4"
			}
		},
		"node_modules/fill-range": {
			"version": "7.1.1",
			"resolved": "https://registry.npmjs.org/fill-range/-/fill-range-7.1.1.tgz",
			"integrity": "sha512-YsGpe3WHLK8ZYi4tWDg2Jy3ebRz2rXowDxnld4bkQB00cc/1Zw9AWnC0i9ztDJitivtQvaI9KaLyKrc+hBW0yg==",
			"dev": true,
			"license": "MIT",
			"dependencies": {
				"to-regex-range": "^5.0.1"
			},
			"engines": {
				"node": ">=8"
			}
		},
		"node_modules/get-source": {
			"version": "2.0.12",
			"dev": true,
			"license": "Unlicense",
			"dependencies": {
				"data-uri-to-buffer": "^2.0.0",
				"source-map": "^0.6.1"
			}
		},
		"node_modules/glob-parent": {
			"version": "5.1.2",
			"resolved": "https://registry.npmjs.org/glob-parent/-/glob-parent-5.1.2.tgz",
			"integrity": "sha512-AOIgSQCepiJYwP3ARnGx+5VnTu2HBYdzbGP45eLw1vr3zB3vZLeyed1sC9hnbcOc9/SrMyM5RPQrkGz4aS9Zow==",
			"dev": true,
			"license": "ISC",
			"dependencies": {
				"is-glob": "^4.0.1"
			},
			"engines": {
				"node": ">= 6"
			}
		},
		"node_modules/glob-to-regexp": {
			"version": "0.4.1",
			"dev": true,
			"license": "BSD-2-Clause"
		},
		"node_modules/graceful-fs": {
			"version": "4.2.11",
			"resolved": "https://registry.npmjs.org/graceful-fs/-/graceful-fs-4.2.11.tgz",
			"integrity": "sha512-RbJ5/jmFcNNCcDV5o9eTnBLJ/HszWV0P73bc+Ff4nS/rJj+YaS6IGyiOL0VoBYX+l1Wrl3k63h/KrH+nhJ0XvQ==",
			"dev": true,
			"license": "ISC"
		},
		"node_modules/ignore": {
			"version": "5.3.2",
			"resolved": "https://registry.npmjs.org/ignore/-/ignore-5.3.2.tgz",
			"integrity": "sha512-hsBTNUqQTDwkWtcdYI2i06Y/nUBEsNEDJKjWdigLvegy8kDuJAS8uRlpkkcQpyEXL0Z/pjDy5HBmMjRCJ2gq+g==",
			"dev": true,
			"license": "MIT",
			"engines": {
				"node": ">= 4"
			}
		},
		"node_modules/indent-string": {
			"version": "4.0.0",
			"resolved": "https://registry.npmjs.org/indent-string/-/indent-string-4.0.0.tgz",
			"integrity": "sha512-EdDDZu4A2OyIK7Lr/2zG+w5jmbuk1DVBnEwREQvBzspBJkCEbRa8GxU1lghYcaGJCnRWibjDXlq779X1/y5xwg==",
			"dev": true,
			"license": "MIT",
			"engines": {
				"node": ">=8"
			}
		},
		"node_modules/is-extglob": {
			"version": "2.1.1",
			"resolved": "https://registry.npmjs.org/is-extglob/-/is-extglob-2.1.1.tgz",
			"integrity": "sha512-SbKbANkN603Vi4jEZv49LeVJMn4yGwsbzZworEoyEiutsN3nJYdbO36zfhGJ6QEDpOZIFkDtnq5JRxmvl3jsoQ==",
			"dev": true,
			"license": "MIT",
			"engines": {
				"node": ">=0.10.0"
			}
		},
		"node_modules/is-glob": {
			"version": "4.0.3",
			"resolved": "https://registry.npmjs.org/is-glob/-/is-glob-4.0.3.tgz",
			"integrity": "sha512-xelSayHH36ZgE7ZWhli7pW34hNbNl8Ojv5KVmkJD4hBdD3th8Tfk9vYasLM+mXWOZhFkgZfxhLSnrwRr4elSSg==",
			"dev": true,
			"license": "MIT",
			"dependencies": {
				"is-extglob": "^2.1.1"
			},
			"engines": {
				"node": ">=0.10.0"
			}
		},
		"node_modules/is-number": {
			"version": "7.0.0",
			"resolved": "https://registry.npmjs.org/is-number/-/is-number-7.0.0.tgz",
			"integrity": "sha512-41Cifkg6e8TylSpdtTpeLVMqvSBEVzTttHvERD741+pnZ8ANv0004MRL43QKPDlK9cGvNp6NZWZUBlbGXYxxng==",
			"dev": true,
			"license": "MIT",
			"engines": {
				"node": ">=0.12.0"
			}
		},
		"node_modules/jiti": {
			"version": "2.4.2",
			"resolved": "https://registry.npmjs.org/jiti/-/jiti-2.4.2.tgz",
			"integrity": "sha512-rg9zJN+G4n2nfJl5MW3BMygZX56zKPNVEYYqq7adpmMh4Jn2QNEwhvQlFy6jPVdcod7txZtKHWnyZiA3a0zP7A==",
			"dev": true,
			"license": "MIT",
			"bin": {
				"jiti": "lib/jiti-cli.mjs"
			}
		},
		"node_modules/js-yaml": {
			"version": "4.1.0",
			"resolved": "https://registry.npmjs.org/js-yaml/-/js-yaml-4.1.0.tgz",
			"integrity": "sha512-wpxZs9NoxZaJESJGIZTyDEaYpl0FKSA+FB9aJiyemKhMwkxQg63h4T1KJgUGHpTqPDNRcmmYLugrRjJlBtWvRA==",
			"dev": true,
			"license": "MIT",
			"dependencies": {
				"argparse": "^2.0.1"
			},
			"bin": {
				"js-yaml": "bin/js-yaml.js"
			}
		},
		"node_modules/knip": {
			"version": "5.43.6",
			"resolved": "https://registry.npmjs.org/knip/-/knip-5.43.6.tgz",
			"integrity": "sha512-bUCFlg44imdV5vayYxu0pIAB373S8Ufjda0qaI9oRZDH6ltJFwUoAO2j7nafxDmo5G0ZeP4IiLAHqlc3wYIONQ==",
			"dev": true,
			"funding": [
				{
					"type": "github",
					"url": "https://github.com/sponsors/webpro"
				},
				{
					"type": "opencollective",
					"url": "https://opencollective.com/knip"
				},
				{
					"type": "polar",
					"url": "https://polar.sh/webpro-nl"
				}
			],
			"license": "ISC",
			"dependencies": {
				"@nodelib/fs.walk": "3.0.1",
				"@snyk/github-codeowners": "1.1.0",
				"easy-table": "1.2.0",
				"enhanced-resolve": "^5.18.0",
				"fast-glob": "^3.3.3",
				"jiti": "^2.4.2",
				"js-yaml": "^4.1.0",
				"minimist": "^1.2.8",
				"picocolors": "^1.1.0",
				"picomatch": "^4.0.1",
				"pretty-ms": "^9.0.0",
				"smol-toml": "^1.3.1",
				"strip-json-comments": "5.0.1",
				"summary": "2.1.0",
				"zod": "^3.22.4",
				"zod-validation-error": "^3.0.3"
			},
			"bin": {
				"knip": "bin/knip.js",
				"knip-bun": "bin/knip-bun.js"
			},
			"engines": {
				"node": ">=18.18.0"
			},
			"peerDependencies": {
				"@types/node": ">=18",
				"typescript": ">=5.0.4"
			}
		},
		"node_modules/merge2": {
			"version": "1.4.1",
			"resolved": "https://registry.npmjs.org/merge2/-/merge2-1.4.1.tgz",
			"integrity": "sha512-8q7VEgMJW4J8tcfVPy8g09NcQwZdbwFEqhe/WZkoIzjn/3TGDwtOCYtXGxA3O8tPzpczCCDgv+P2P5y00ZJOOg==",
			"dev": true,
			"license": "MIT",
			"engines": {
				"node": ">= 8"
			}
		},
		"node_modules/micromatch": {
			"version": "4.0.8",
			"resolved": "https://registry.npmjs.org/micromatch/-/micromatch-4.0.8.tgz",
			"integrity": "sha512-PXwfBhYu0hBCPw8Dn0E+WDYb7af3dSLVWKi3HGv84IdF4TyFoC0ysxFd0Goxw7nSv4T/PzEJQxsYsEiFCKo2BA==",
			"dev": true,
			"license": "MIT",
			"dependencies": {
				"braces": "^3.0.3",
				"picomatch": "^2.3.1"
			},
			"engines": {
				"node": ">=8.6"
			}
		},
		"node_modules/micromatch/node_modules/picomatch": {
			"version": "2.3.1",
			"resolved": "https://registry.npmjs.org/picomatch/-/picomatch-2.3.1.tgz",
			"integrity": "sha512-JU3teHTNjmE2VCGFzuY8EXzCDVwEqB2a8fsIvwaStHhAWJEeVd1o1QD80CU6+ZdEXXSLbSsuLwJjkCBWqRQUVA==",
			"dev": true,
			"license": "MIT",
			"engines": {
				"node": ">=8.6"
			},
			"funding": {
				"url": "https://github.com/sponsors/jonschlinkert"
			}
		},
		"node_modules/mime": {
			"version": "3.0.0",
			"dev": true,
			"license": "MIT",
			"bin": {
				"mime": "cli.js"
			},
			"engines": {
				"node": ">=10.0.0"
			}
		},
		"node_modules/miniflare": {
			"version": "3.20250129.0",
			"dev": true,
			"license": "MIT",
			"dependencies": {
				"@cspotcode/source-map-support": "0.8.1",
				"acorn": "^8.8.0",
				"acorn-walk": "^8.2.0",
				"exit-hook": "^2.2.1",
				"glob-to-regexp": "^0.4.1",
				"stoppable": "^1.1.0",
				"undici": "^5.28.4",
				"workerd": "1.20250129.0",
				"ws": "^8.18.0",
				"youch": "^3.2.2",
				"zod": "^3.22.3"
			},
			"bin": {
				"miniflare": "bootstrap.js"
			},
			"engines": {
				"node": ">=16.13"
			}
		},
		"node_modules/minimist": {
			"version": "1.2.8",
			"resolved": "https://registry.npmjs.org/minimist/-/minimist-1.2.8.tgz",
			"integrity": "sha512-2yyAR8qBkN3YuheJanUpWC5U3bb5osDywNB8RzDVlDwDHbocAJveqqj1u8+SVD7jkWT4yvsHCpWqqWqAxb0zCA==",
			"dev": true,
			"license": "MIT",
			"funding": {
				"url": "https://github.com/sponsors/ljharb"
			}
		},
		"node_modules/mlly": {
			"version": "1.7.4",
			"dev": true,
			"license": "MIT",
			"dependencies": {
				"acorn": "^8.14.0",
				"pathe": "^2.0.1",
				"pkg-types": "^1.3.0",
				"ufo": "^1.5.4"
			}
		},
		"node_modules/mlly/node_modules/pathe": {
			"version": "2.0.2",
			"dev": true,
			"license": "MIT"
		},
		"node_modules/ms": {
			"version": "2.1.3",
			"dev": true,
			"license": "MIT"
		},
		"node_modules/mustache": {
			"version": "4.2.0",
			"dev": true,
			"license": "MIT",
			"bin": {
				"mustache": "bin/mustache"
			}
		},
		"node_modules/ohash": {
			"version": "1.1.4",
			"dev": true,
			"license": "MIT"
		},
		"node_modules/p-map": {
			"version": "4.0.0",
			"resolved": "https://registry.npmjs.org/p-map/-/p-map-4.0.0.tgz",
			"integrity": "sha512-/bjOqmgETBYB5BoEeGVea8dmvHb2m9GLy1E9W43yeyfP6QQCZGFNa+XRceJEuDB6zqr+gKpIAmlLebMpykw/MQ==",
			"dev": true,
			"license": "MIT",
			"dependencies": {
				"aggregate-error": "^3.0.0"
			},
			"engines": {
				"node": ">=10"
			},
			"funding": {
				"url": "https://github.com/sponsors/sindresorhus"
			}
		},
		"node_modules/parse-ms": {
			"version": "4.0.0",
			"resolved": "https://registry.npmjs.org/parse-ms/-/parse-ms-4.0.0.tgz",
			"integrity": "sha512-TXfryirbmq34y8QBwgqCVLi+8oA3oWx2eAnSn62ITyEhEYaWRlVZ2DvMM9eZbMs/RfxPu/PK/aBLyGj4IrqMHw==",
			"dev": true,
			"license": "MIT",
			"engines": {
				"node": ">=18"
			},
			"funding": {
				"url": "https://github.com/sponsors/sindresorhus"
			}
		},
		"node_modules/path-to-regexp": {
			"version": "6.3.0",
			"dev": true,
			"license": "MIT"
		},
		"node_modules/pathe": {
			"version": "1.1.2",
			"dev": true,
			"license": "MIT"
		},
		"node_modules/picocolors": {
			"version": "1.1.1",
			"resolved": "https://registry.npmjs.org/picocolors/-/picocolors-1.1.1.tgz",
			"integrity": "sha512-xceH2snhtb5M9liqDsmEw56le376mTZkEX/jEb/RxNFyegNul7eNslCXP9FDj/Lcu0X8KEyMceP2ntpaHrDEVA==",
			"dev": true,
			"license": "ISC"
		},
		"node_modules/picomatch": {
			"version": "4.0.2",
			"resolved": "https://registry.npmjs.org/picomatch/-/picomatch-4.0.2.tgz",
			"integrity": "sha512-M7BAV6Rlcy5u+m6oPhAPFgJTzAioX/6B0DxyvDlo9l8+T3nLKbrczg2WLUyzd45L8RqfUMyGPzekbMvX2Ldkwg==",
			"dev": true,
			"license": "MIT",
			"engines": {
				"node": ">=12"
			},
			"funding": {
				"url": "https://github.com/sponsors/jonschlinkert"
			}
		},
		"node_modules/pkg-types": {
			"version": "1.3.1",
			"dev": true,
			"license": "MIT",
			"dependencies": {
				"confbox": "^0.1.8",
				"mlly": "^1.7.4",
				"pathe": "^2.0.1"
			}
		},
		"node_modules/pkg-types/node_modules/pathe": {
			"version": "2.0.2",
			"dev": true,
			"license": "MIT"
		},
		"node_modules/prettier": {
			"version": "3.4.2",
			"dev": true,
			"license": "MIT",
			"bin": {
				"prettier": "bin/prettier.cjs"
			},
			"engines": {
				"node": ">=14"
			},
			"funding": {
				"url": "https://github.com/prettier/prettier?sponsor=1"
			}
		},
		"node_modules/pretty-ms": {
			"version": "9.2.0",
			"resolved": "https://registry.npmjs.org/pretty-ms/-/pretty-ms-9.2.0.tgz",
			"integrity": "sha512-4yf0QO/sllf/1zbZWYnvWw3NxCQwLXKzIj0G849LSufP15BXKM0rbD2Z3wVnkMfjdn/CB0Dpp444gYAACdsplg==",
			"dev": true,
			"license": "MIT",
			"dependencies": {
				"parse-ms": "^4.0.0"
			},
			"engines": {
				"node": ">=18"
			},
			"funding": {
				"url": "https://github.com/sponsors/sindresorhus"
			}
		},
		"node_modules/printable-characters": {
			"version": "1.0.42",
			"dev": true,
			"license": "Unlicense"
		},
		"node_modules/queue-microtask": {
			"version": "1.2.3",
			"resolved": "https://registry.npmjs.org/queue-microtask/-/queue-microtask-1.2.3.tgz",
			"integrity": "sha512-NuaNSa6flKT5JaSYQzJok04JzTL1CA6aGhv5rfLW3PgqA+M2ChpZQnAC8h8i4ZFkBS8X5RqkDBHA7r4hej3K9A==",
			"dev": true,
			"funding": [
				{
					"type": "github",
					"url": "https://github.com/sponsors/feross"
				},
				{
					"type": "patreon",
					"url": "https://www.patreon.com/feross"
				},
				{
					"type": "consulting",
					"url": "https://feross.org/support"
				}
			],
			"license": "MIT"
		},
		"node_modules/reusify": {
			"version": "1.0.4",
			"resolved": "https://registry.npmjs.org/reusify/-/reusify-1.0.4.tgz",
			"integrity": "sha512-U9nH88a3fc/ekCF1l0/UP1IosiuIjyTh7hBvXVMHYgVcfGvt897Xguj2UOLDeI5BG2m7/uwyaLVT6fbtCwTyzw==",
			"dev": true,
			"license": "MIT",
			"engines": {
				"iojs": ">=1.0.0",
				"node": ">=0.10.0"
			}
		},
		"node_modules/rollup-plugin-inject": {
			"version": "3.0.2",
			"dev": true,
			"license": "MIT",
			"dependencies": {
				"estree-walker": "^0.6.1",
				"magic-string": "^0.25.3",
				"rollup-pluginutils": "^2.8.1"
			}
		},
		"node_modules/rollup-plugin-inject/node_modules/estree-walker": {
			"version": "0.6.1",
			"dev": true,
			"license": "MIT"
		},
		"node_modules/rollup-plugin-inject/node_modules/magic-string": {
			"version": "0.25.9",
			"dev": true,
			"license": "MIT",
			"dependencies": {
				"sourcemap-codec": "^1.4.8"
			}
		},
		"node_modules/rollup-plugin-node-polyfills": {
			"version": "0.2.1",
			"dev": true,
			"license": "MIT",
			"dependencies": {
				"rollup-plugin-inject": "^3.0.0"
			}
		},
		"node_modules/rollup-pluginutils": {
			"version": "2.8.2",
			"dev": true,
			"license": "MIT",
			"dependencies": {
				"estree-walker": "^0.6.1"
			}
		},
		"node_modules/rollup-pluginutils/node_modules/estree-walker": {
			"version": "0.6.1",
			"dev": true,
			"license": "MIT"
		},
		"node_modules/run-parallel": {
			"version": "1.2.0",
			"resolved": "https://registry.npmjs.org/run-parallel/-/run-parallel-1.2.0.tgz",
			"integrity": "sha512-5l4VyZR86LZ/lDxZTR6jqL8AFE2S0IFLMP26AbjsLVADxHdhB/c0GUsH+y39UfCi3dzz8OlQuPmnaJOMoDHQBA==",
			"dev": true,
			"funding": [
				{
					"type": "github",
					"url": "https://github.com/sponsors/feross"
				},
				{
					"type": "patreon",
					"url": "https://www.patreon.com/feross"
				},
				{
					"type": "consulting",
					"url": "https://feross.org/support"
				}
			],
			"license": "MIT",
			"dependencies": {
				"queue-microtask": "^1.2.2"
			}
		},
		"node_modules/smol-toml": {
			"version": "1.3.1",
			"resolved": "https://registry.npmjs.org/smol-toml/-/smol-toml-1.3.1.tgz",
			"integrity": "sha512-tEYNll18pPKHroYSmLLrksq233j021G0giwW7P3D24jC54pQ5W5BXMsQ/Mvw1OJCmEYDgY+lrzT+3nNUtoNfXQ==",
			"dev": true,
			"license": "BSD-3-Clause",
			"engines": {
				"node": ">= 18"
			},
			"funding": {
				"url": "https://github.com/sponsors/cyyynthia"
			}
		},
		"node_modules/source-map": {
			"version": "0.6.1",
			"dev": true,
			"license": "BSD-3-Clause",
			"engines": {
				"node": ">=0.10.0"
			}
		},
		"node_modules/sourcemap-codec": {
			"version": "1.4.8",
			"dev": true,
			"license": "MIT"
		},
		"node_modules/stacktracey": {
			"version": "2.1.8",
			"dev": true,
			"license": "Unlicense",
			"dependencies": {
				"as-table": "^1.0.36",
				"get-source": "^2.0.12"
			}
		},
		"node_modules/stoppable": {
			"version": "1.1.0",
			"dev": true,
			"license": "MIT",
			"engines": {
				"node": ">=4",
				"npm": ">=6"
			}
		},
		"node_modules/strip-json-comments": {
			"version": "5.0.1",
			"resolved": "https://registry.npmjs.org/strip-json-comments/-/strip-json-comments-5.0.1.tgz",
			"integrity": "sha512-0fk9zBqO67Nq5M/m45qHCJxylV/DhBlIOVExqgOMiCCrzrhU6tCibRXNqE3jwJLftzE9SNuZtYbpzcO+i9FiKw==",
			"dev": true,
			"license": "MIT",
			"engines": {
				"node": ">=14.16"
			},
			"funding": {
				"url": "https://github.com/sponsors/sindresorhus"
			}
		},
		"node_modules/summary": {
			"version": "2.1.0",
			"resolved": "https://registry.npmjs.org/summary/-/summary-2.1.0.tgz",
			"integrity": "sha512-nMIjMrd5Z2nuB2RZCKJfFMjgS3fygbeyGk9PxPPaJR1RIcyN9yn4A63Isovzm3ZtQuEkLBVgMdPup8UeLH7aQw==",
			"dev": true,
			"license": "MIT"
		},
		"node_modules/tapable": {
			"version": "2.2.1",
			"resolved": "https://registry.npmjs.org/tapable/-/tapable-2.2.1.tgz",
			"integrity": "sha512-GNzQvQTOIP6RyTfE2Qxb8ZVlNmw0n88vp1szwWRimP02mnTsx3Wtn5qRdqY9w2XduFNUgvOwhNnQsjwCp+kqaQ==",
			"dev": true,
			"license": "MIT",
			"engines": {
				"node": ">=6"
			}
		},
		"node_modules/to-regex-range": {
			"version": "5.0.1",
			"resolved": "https://registry.npmjs.org/to-regex-range/-/to-regex-range-5.0.1.tgz",
			"integrity": "sha512-65P7iz6X5yEr1cwcgvQxbbIw7Uk3gOy5dIdtZ4rDveLqhrdJP+Li/Hx6tyK0NEb+2GCyneCMJiGqrADCSNk8sQ==",
			"dev": true,
			"license": "MIT",
			"dependencies": {
				"is-number": "^7.0.0"
			},
			"engines": {
				"node": ">=8.0"
			}
		},
		"node_modules/turbo": {
			"version": "2.4.0",
			"resolved": "https://registry.npmjs.org/turbo/-/turbo-2.4.0.tgz",
			"integrity": "sha512-ah/yQp2oMif1X0u7fBJ4MLMygnkbKnW5O8SG6pJvloPCpHfFoZctkSVQiJ3VnvNTq71V2JJIdwmOeu1i34OQyg==",
			"dev": true,
			"license": "MIT",
			"bin": {
				"turbo": "bin/turbo"
			},
			"optionalDependencies": {
				"turbo-darwin-64": "2.4.0",
				"turbo-darwin-arm64": "2.4.0",
				"turbo-linux-64": "2.4.0",
				"turbo-linux-arm64": "2.4.0",
				"turbo-windows-64": "2.4.0",
				"turbo-windows-arm64": "2.4.0"
			}
		},
		"node_modules/turbo-darwin-64": {
			"version": "2.4.0",
			"resolved": "https://registry.npmjs.org/turbo-darwin-64/-/turbo-darwin-64-2.4.0.tgz",
			"integrity": "sha512-kVMScnPUa3R4n7woNmkR15kOY0aUwCLJcUyH5UC59ggKqr5HIHwweKYK8N1pwBQso0LQF4I9i93hIzfJguCcwQ==",
			"cpu": [
				"x64"
			],
			"dev": true,
			"license": "MIT",
			"optional": true,
			"os": [
				"darwin"
			]
		},
		"node_modules/turbo-darwin-arm64": {
			"version": "2.4.0",
			"resolved": "https://registry.npmjs.org/turbo-darwin-arm64/-/turbo-darwin-arm64-2.4.0.tgz",
			"integrity": "sha512-8JObIpfun1guA7UlFR5jC/SOVm49lRscxMxfg5jZ5ABft79rhFC+ygN9AwAhGKv6W2DUhIh2xENkSgu4EDmUyg==",
			"cpu": [
				"arm64"
			],
			"dev": true,
			"license": "MIT",
			"optional": true,
			"os": [
				"darwin"
			]
		},
		"node_modules/turbo-linux-64": {
			"version": "2.4.0",
			"resolved": "https://registry.npmjs.org/turbo-linux-64/-/turbo-linux-64-2.4.0.tgz",
			"integrity": "sha512-xWDGGcRlBuGV7HXWAVuTY6vsQi4aZxGMAnuiuNDg8Ij1aHGohOM0RUsWMXjxz4vuJmjk9+/D6NQqHH3AJEXezg==",
			"cpu": [
				"x64"
			],
			"dev": true,
			"license": "MIT",
			"optional": true,
			"os": [
				"linux"
			]
		},
		"node_modules/turbo-linux-arm64": {
			"version": "2.4.0",
			"resolved": "https://registry.npmjs.org/turbo-linux-arm64/-/turbo-linux-arm64-2.4.0.tgz",
			"integrity": "sha512-c3En99xMguc/Pdtk/rZP53LnDdw0W6lgUc04he8r8F+UHYSNvgzHh0WGXXmCC6lGbBH72kPhhGx4bAwyvi7dug==",
			"cpu": [
				"arm64"
			],
			"dev": true,
			"license": "MIT",
			"optional": true,
			"os": [
				"linux"
			]
		},
		"node_modules/turbo-windows-64": {
			"version": "2.4.0",
			"resolved": "https://registry.npmjs.org/turbo-windows-64/-/turbo-windows-64-2.4.0.tgz",
			"integrity": "sha512-/gOORuOlyA8JDPzyA16CD3wvyRcuBFePa1URAnFUof9hXQmKxK0VvSDO79cYZFsJSchCKNJpckUS0gYxGsWwoA==",
			"cpu": [
				"x64"
			],
			"dev": true,
			"license": "MIT",
			"optional": true,
			"os": [
				"win32"
			]
		},
		"node_modules/turbo-windows-arm64": {
			"version": "2.4.0",
			"resolved": "https://registry.npmjs.org/turbo-windows-arm64/-/turbo-windows-arm64-2.4.0.tgz",
			"integrity": "sha512-/DJIdTFijEMM5LSiEpSfarDOMOlYqJV+EzmppqWtHqDsOLF4hbbIBH9sJR6OOp5dURAu5eURBYdmvBRz9Lo6TA==",
			"cpu": [
				"arm64"
			],
			"dev": true,
			"license": "MIT",
			"optional": true,
			"os": [
				"win32"
			]
		},
		"node_modules/typescript": {
			"version": "5.7.3",
			"resolved": "https://registry.npmjs.org/typescript/-/typescript-5.7.3.tgz",
			"integrity": "sha512-84MVSjMEHP+FQRPy3pX9sTVV/INIex71s9TL2Gm5FG/WG1SqXeKyZ0k7/blY/4FdOzI12CBy1vGc4og/eus0fw==",
			"dev": true,
			"license": "Apache-2.0",
			"bin": {
				"tsc": "bin/tsc",
				"tsserver": "bin/tsserver"
			},
			"engines": {
				"node": ">=14.17"
			}
		},
		"node_modules/ufo": {
			"version": "1.5.4",
			"dev": true,
			"license": "MIT"
		},
		"node_modules/undici": {
			"version": "5.28.5",
			"dev": true,
			"license": "MIT",
			"dependencies": {
				"@fastify/busboy": "^2.0.0"
			},
			"engines": {
				"node": ">=14.0"
			}
		},
		"node_modules/undici-types": {
			"version": "6.20.0",
			"resolved": "https://registry.npmjs.org/undici-types/-/undici-types-6.20.0.tgz",
			"integrity": "sha512-Ny6QZ2Nju20vw1SRHe3d9jVu6gJ+4e3+MMpqu7pqE5HT6WsTSlce++GQmK5UXS8mzV8DSYHrQH+Xrf2jVcuKNg==",
			"dev": true,
			"license": "MIT"
		},
		"node_modules/unenv": {
			"version": "2.0.0-rc.1",
			"dev": true,
			"license": "MIT",
			"dependencies": {
				"defu": "^6.1.4",
				"mlly": "^1.7.4",
				"ohash": "^1.1.4",
				"pathe": "^1.1.2",
				"ufo": "^1.5.4"
			}
		},
		"node_modules/wcwidth": {
			"version": "1.0.1",
			"resolved": "https://registry.npmjs.org/wcwidth/-/wcwidth-1.0.1.tgz",
			"integrity": "sha512-XHPEwS0q6TaxcvG85+8EYkbiCux2XtWG2mkc47Ng2A77BQu9+DqIOJldST4HgPkuea7dvKSj5VgX3P1d4rW8Tg==",
			"dev": true,
			"license": "MIT",
			"optional": true,
			"dependencies": {
				"defaults": "^1.0.3"
			}
		},
		"node_modules/worker": {
			"resolved": "worker",
			"link": true
		},
		"node_modules/workerd": {
			"version": "1.20250129.0",
			"dev": true,
			"hasInstallScript": true,
			"license": "Apache-2.0",
			"bin": {
				"workerd": "bin/workerd"
			},
			"engines": {
				"node": ">=16"
			},
			"optionalDependencies": {
				"@cloudflare/workerd-darwin-64": "1.20250129.0",
				"@cloudflare/workerd-darwin-arm64": "1.20250129.0",
				"@cloudflare/workerd-linux-64": "1.20250129.0",
				"@cloudflare/workerd-linux-arm64": "1.20250129.0",
				"@cloudflare/workerd-windows-64": "1.20250129.0"
			}
		},
		"node_modules/wrangler": {
			"version": "3.107.3",
			"dev": true,
			"license": "MIT OR Apache-2.0",
			"dependencies": {
				"@cloudflare/kv-asset-handler": "0.3.4",
				"@esbuild-plugins/node-globals-polyfill": "0.2.3",
				"@esbuild-plugins/node-modules-polyfill": "0.2.2",
				"blake3-wasm": "2.1.5",
				"esbuild": "0.17.19",
				"miniflare": "3.20250129.0",
				"path-to-regexp": "6.3.0",
				"unenv": "2.0.0-rc.1",
				"workerd": "1.20250129.0"
			},
			"bin": {
				"wrangler": "bin/wrangler.js",
				"wrangler2": "bin/wrangler.js"
			},
			"engines": {
				"node": ">=16.17.0"
			},
			"optionalDependencies": {
				"fsevents": "~2.3.2"
			},
			"peerDependencies": {
				"@cloudflare/workers-types": "^4.20250129.0"
			},
			"peerDependenciesMeta": {
				"@cloudflare/workers-types": {
					"optional": true
				}
			}
		},
		"node_modules/ws": {
			"version": "8.18.0",
			"dev": true,
			"license": "MIT",
			"engines": {
				"node": ">=10.0.0"
			},
			"peerDependencies": {
				"bufferutil": "^4.0.1",
				"utf-8-validate": ">=5.0.2"
			},
			"peerDependenciesMeta": {
				"bufferutil": {
					"optional": true
				},
				"utf-8-validate": {
					"optional": true
				}
			}
		},
		"node_modules/youch": {
			"version": "3.3.4",
			"dev": true,
			"license": "MIT",
			"dependencies": {
				"cookie": "^0.7.1",
				"mustache": "^4.2.0",
				"stacktracey": "^2.1.8"
			}
		},
		"node_modules/zod": {
			"version": "3.24.1",
			"dev": true,
			"license": "MIT",
			"funding": {
				"url": "https://github.com/sponsors/colinhacks"
			}
		},
		"node_modules/zod-validation-error": {
			"version": "3.4.0",
			"resolved": "https://registry.npmjs.org/zod-validation-error/-/zod-validation-error-3.4.0.tgz",
			"integrity": "sha512-ZOPR9SVY6Pb2qqO5XHt+MkkTRxGXb4EVtnjc9JpXUOtUB1T9Ru7mZOT361AN3MsetVe7R0a1KZshJDZdgp9miQ==",
			"dev": true,
			"license": "MIT",
			"engines": {
				"node": ">=18.0.0"
			},
			"peerDependencies": {
				"zod": "^3.18.0"
			}
		},
		"services/in-memory": {
			"name": "@inventory-worker/in-memory-services",
			"dependencies": {
				"@inventory-worker/catalog-service-factory": "*",
				"@inventory-worker/in-memory-catalog-database": "*",
				"@inventory-worker/logger-factory": "*",
				"@inventory-worker/services-types": "*"
			}
		},
		"services/types": {
			"name": "@inventory-worker/services-types",
			"dependencies": {
				"@inventory-worker/catalog-service-types": "*",
				"@inventory-worker/logger-types": "*"
			}
		},
		"worker": {
			"version": "0.1.0",
			"dependencies": {
				"@bufbuild/protobuf": "^2.2.3",
				"@inventory-worker/catalog-http-contracts": "*",
				"@inventory-worker/in-memory-services": "*"
			},
			"devDependencies": {
				"@cloudflare/workers-types": "^4.20250204.0",
				"typescript": "^5.5.2",
				"wrangler": "^3.107.3"
			}
		}
	}
}
